
Microsoft Visual Studio Solution File, Format Version 12.00
# Visual Studio Version 17
VisualStudioVersion = 17.3.32929.385
MinimumVisualStudioVersion = 10.0.40219.1
Project("{FAE04EC0-301F-11D3-BF4B-00C04F79EFBC}") = "AT11T4", "AT11T4\AT11T4.csproj", "{6E90E90B-20E1-4A70-AE49-ED7D4FA35175}"
EndProject
Global
	GlobalSection(SolutionConfigurationPlatforms) = preSolution
		Debug|Any CPU = Debug|Any CPU
		Release|Any CPU = Release|Any CPU
	EndGlobalSection
	GlobalSection(ProjectConfigurationPlatforms) = postSolution
		{6E90E90B-20E1-4A70-AE49-ED7D4FA35175}.Debug|Any CPU.ActiveCfg = Debug|Any CPU
		{6E90E90B-20E1-4A70-AE49-ED7D4FA35175}.Debug|Any CPU.Build.0 = Debug|Any CPU
		{6E90E90B-20E1-4A70-AE49-ED7D4FA35175}.Release|Any CPU.ActiveCfg = Release|Any CPU
		{6E90E90B-20E1-4A70-AE49-ED7D4FA35175}.Release|Any CPU.Build.0 = Release|Any CPU
	EndGlobalSection
	GlobalSection(SolutionProperties) = preSolution
		HideSolutionNode = FALSE
	EndGlobalSection
	GlobalSection(ExtensibilityGlobals) = postSolution
		SolutionGuid = {2FF5A712-2FCC-4B7A-9206-83FC2562BD1B}
	EndGlobalSection
EndGlobal
